// !$*UTF8*$!
{
	archiveVersion = 1;
	classes = {
	};
	objectVersion = 56;
	objects = {

/* Begin PBXBuildFile section */
		0417B7C3297A849000DC8E91 /* DeadlineTargetView.swift in Sources */ = {isa = PBXBuildFile; fileRef = 0417B7C2297A849000DC8E91 /* DeadlineTargetView.swift */; };
		0417B7C5297B43E200DC8E91 /* LinkRowView.swift in Sources */ = {isa = PBXBuildFile; fileRef = 0417B7C4297B43E200DC8E91 /* LinkRowView.swift */; };
		0417B7C7297B83AB00DC8E91 /* LinkView.swift in Sources */ = {isa = PBXBuildFile; fileRef = 0417B7C6297B83AB00DC8E91 /* LinkView.swift */; };
		04478C40295560D900F76701 /* DeadlinesApp.swift in Sources */ = {isa = PBXBuildFile; fileRef = 04478C3F295560D900F76701 /* DeadlinesApp.swift */; };
		04478C42295560D900F76701 /* ContentView.swift in Sources */ = {isa = PBXBuildFile; fileRef = 04478C41295560D900F76701 /* ContentView.swift */; };
		04478C44295560DA00F76701 /* Assets.xcassets in Resources */ = {isa = PBXBuildFile; fileRef = 04478C43295560DA00F76701 /* Assets.xcassets */; };
		04478C47295560DA00F76701 /* Preview Assets.xcassets in Resources */ = {isa = PBXBuildFile; fileRef = 04478C46295560DA00F76701 /* Preview Assets.xcassets */; };
		04478C49295560DA00F76701 /* Persistence.swift in Sources */ = {isa = PBXBuildFile; fileRef = 04478C48295560DA00F76701 /* Persistence.swift */; };
		04478C4C295560DA00F76701 /* Deadlines.xcdatamodeld in Sources */ = {isa = PBXBuildFile; fileRef = 04478C4A295560DA00F76701 /* Deadlines.xcdatamodeld */; };
		0448FCC829749EDA003DA08F /* PrivacyView.swift in Sources */ = {isa = PBXBuildFile; fileRef = 0448FCC729749EDA003DA08F /* PrivacyView.swift */; };
		044A45762963431700AEC0F3 /* CheckboxToggleStyle.swift in Sources */ = {isa = PBXBuildFile; fileRef = 044A45752963431700AEC0F3 /* CheckboxToggleStyle.swift */; };
		044A457829634ED100AEC0F3 /* SupportStatusView.swift in Sources */ = {isa = PBXBuildFile; fileRef = 044A457729634ED100AEC0F3 /* SupportStatusView.swift */; };
		044A457B296362A200AEC0F3 /* Status.swift in Sources */ = {isa = PBXBuildFile; fileRef = 044A457A296362A200AEC0F3 /* Status.swift */; };
		044A457D29636EE600AEC0F3 /* getStatus.swift in Sources */ = {isa = PBXBuildFile; fileRef = 044A457C29636EE600AEC0F3 /* getStatus.swift */; };
		044A457F29637EF400AEC0F3 /* DeadlineView.swift in Sources */ = {isa = PBXBuildFile; fileRef = 044A457E29637EF400AEC0F3 /* DeadlineView.swift */; };
		044A45812963876E00AEC0F3 /* TodoView.swift in Sources */ = {isa = PBXBuildFile; fileRef = 044A45802963876E00AEC0F3 /* TodoView.swift */; };
		04561CAA295F1C060087ABE7 /* NotesView.swift in Sources */ = {isa = PBXBuildFile; fileRef = 04561CA9295F1C060087ABE7 /* NotesView.swift */; };
		045D96C9296F395D0058033E /* DeadlineTagsView.swift in Sources */ = {isa = PBXBuildFile; fileRef = 045D96C8296F395D0058033E /* DeadlineTagsView.swift */; };
		045D96CD296F636C0058033E /* TagViews.swift in Sources */ = {isa = PBXBuildFile; fileRef = 045D96CC296F636C0058033E /* TagViews.swift */; };
		0468732B2958040900B12C4C /* SettingsView.swift in Sources */ = {isa = PBXBuildFile; fileRef = 0468732A2958040900B12C4C /* SettingsView.swift */; };
		0468733229580C3000B12C4C /* DeadlineLinkView.swift in Sources */ = {isa = PBXBuildFile; fileRef = 0468733129580C3000B12C4C /* DeadlineLinkView.swift */; };
		046873362958EC3100B12C4C /* Store.swift in Sources */ = {isa = PBXBuildFile; fileRef = 046873352958EC3100B12C4C /* Store.swift */; };
		046873382958FFD400B12C4C /* LinkManagerSheet.swift in Sources */ = {isa = PBXBuildFile; fileRef = 046873372958FFD400B12C4C /* LinkManagerSheet.swift */; };
		04688B592967B6ED00B68EB4 /* NotificationsManager.swift in Sources */ = {isa = PBXBuildFile; fileRef = 04688B582967B6ED00B68EB4 /* NotificationsManager.swift */; };
		047513A52977143000A7A066 /* LicensesView.swift in Sources */ = {isa = PBXBuildFile; fileRef = 047513A42977143000A7A066 /* LicensesView.swift */; };
		0480770A296DD5C700D5596D /* RemindersView.swift in Sources */ = {isa = PBXBuildFile; fileRef = 04807709296DD5C700D5596D /* RemindersView.swift */; };
		04807716296DE2E900D5596D /* IconEmoji@2x.png in Resources */ = {isa = PBXBuildFile; fileRef = 0480770C296DE2E800D5596D /* IconEmoji@2x.png */; };
		04807717296DE2E900D5596D /* IconFlat@3x.png in Resources */ = {isa = PBXBuildFile; fileRef = 0480770D296DE2E800D5596D /* IconFlat@3x.png */; };
		04807718296DE2E900D5596D /* IconFlat@2x.png in Resources */ = {isa = PBXBuildFile; fileRef = 0480770E296DE2E800D5596D /* IconFlat@2x.png */; };
		04807719296DE2E900D5596D /* IconEmoji@3x.png in Resources */ = {isa = PBXBuildFile; fileRef = 0480770F296DE2E800D5596D /* IconEmoji@3x.png */; };
		0480771A296DE2E900D5596D /* IconAside@2x.png in Resources */ = {isa = PBXBuildFile; fileRef = 04807710296DE2E800D5596D /* IconAside@2x.png */; };
		0480771B296DE2E900D5596D /* IconAside@3x.png in Resources */ = {isa = PBXBuildFile; fileRef = 04807711296DE2E800D5596D /* IconAside@3x.png */; };
		0480771C296DE2E900D5596D /* IconMacros@3x.png in Resources */ = {isa = PBXBuildFile; fileRef = 04807712296DE2E800D5596D /* IconMacros@3x.png */; };
		0480771D296DE2E900D5596D /* IconMacros@2x.png in Resources */ = {isa = PBXBuildFile; fileRef = 04807713296DE2E800D5596D /* IconMacros@2x.png */; };
		0480771E296DE2E900D5596D /* IconBlack@3x.png in Resources */ = {isa = PBXBuildFile; fileRef = 04807714296DE2E800D5596D /* IconBlack@3x.png */; };
		0480771F296DE2E900D5596D /* IconBlack@2x.png in Resources */ = {isa = PBXBuildFile; fileRef = 04807715296DE2E800D5596D /* IconBlack@2x.png */; };
		04807722296DE48B00D5596D /* IconDefault@3x.png in Resources */ = {isa = PBXBuildFile; fileRef = 04807720296DE48B00D5596D /* IconDefault@3x.png */; };
		04807723296DE48B00D5596D /* IconDefault@2x.png in Resources */ = {isa = PBXBuildFile; fileRef = 04807721296DE48B00D5596D /* IconDefault@2x.png */; };
		0480772A296DEE7900D5596D /* IconEmoji.png in Resources */ = {isa = PBXBuildFile; fileRef = 04807724296DEE7900D5596D /* IconEmoji.png */; };
		0480772B296DEE7900D5596D /* IconAside.png in Resources */ = {isa = PBXBuildFile; fileRef = 04807725296DEE7900D5596D /* IconAside.png */; };
		0480772C296DEE7900D5596D /* IconFlat.png in Resources */ = {isa = PBXBuildFile; fileRef = 04807726296DEE7900D5596D /* IconFlat.png */; };
		0480772D296DEE7900D5596D /* IconDefault.png in Resources */ = {isa = PBXBuildFile; fileRef = 04807727296DEE7900D5596D /* IconDefault.png */; };
		0480772E296DEE7900D5596D /* IconBlack.png in Resources */ = {isa = PBXBuildFile; fileRef = 04807728296DEE7900D5596D /* IconBlack.png */; };
		0480772F296DEE7900D5596D /* IconMacros.png in Resources */ = {isa = PBXBuildFile; fileRef = 04807729296DEE7900D5596D /* IconMacros.png */; };
		04807732296DF3FC00D5596D /* IconsManager.swift in Sources */ = {isa = PBXBuildFile; fileRef = 04807731296DF3FC00D5596D /* IconsManager.swift */; };
		04807734296DF73100D5596D /* IconsListView.swift in Sources */ = {isa = PBXBuildFile; fileRef = 04807733296DF73100D5596D /* IconsListView.swift */; };
		0484C77E296C84990014DBFB /* DeadlineSettingsView.swift in Sources */ = {isa = PBXBuildFile; fileRef = 0484C77D296C84990014DBFB /* DeadlineSettingsView.swift */; };
		04AFE799297559A900998B92 /* EncodableExtensions.swift in Sources */ = {isa = PBXBuildFile; fileRef = 04AFE798297559A900998B92 /* EncodableExtensions.swift */; };
		04AFE79B2975E62200998B92 /* TipJarView.swift in Sources */ = {isa = PBXBuildFile; fileRef = 04AFE79A2975E62200998B92 /* TipJarView.swift */; };
		04AFE79E2975EBFA00998B92 /* SwiftTipJar in Frameworks */ = {isa = PBXBuildFile; productRef = 04AFE79D2975EBFA00998B92 /* SwiftTipJar */; };
		04C627BF2962477F00130206 /* DeadlineTodoView.swift in Sources */ = {isa = PBXBuildFile; fileRef = 04C627BE2962477F00130206 /* DeadlineTodoView.swift */; };
		04C627C12962488400130206 /* NewDeadlineTodoSheet.swift in Sources */ = {isa = PBXBuildFile; fileRef = 04C627C02962488400130206 /* NewDeadlineTodoSheet.swift */; };
		04D059002964C90E0091E58C /* SupportView.swift in Sources */ = {isa = PBXBuildFile; fileRef = 04D058FF2964C90E0091E58C /* SupportView.swift */; };
		04D57E9D29762DA4001AAA9F /* WelcomeView.swift in Sources */ = {isa = PBXBuildFile; fileRef = 04D57E9C29762DA4001AAA9F /* WelcomeView.swift */; };
		04D57EA2297641E0001AAA9F /* SwiftUIX in Frameworks */ = {isa = PBXBuildFile; productRef = 04D57EA1297641E0001AAA9F /* SwiftUIX */; };
		04D8180429712F730020C3FE /* NewEditDeadlineView.swift in Sources */ = {isa = PBXBuildFile; fileRef = 04D8180329712F730020C3FE /* NewEditDeadlineView.swift */; };
		04E7EC042970785400AB92B8 /* DeadlineViews.swift in Sources */ = {isa = PBXBuildFile; fileRef = 04E7EC032970785400AB92B8 /* DeadlineViews.swift */; };
		04E7EC062970B55800AB92B8 /* DeadlineChangeIconView.swift in Sources */ = {isa = PBXBuildFile; fileRef = 04E7EC052970B55800AB92B8 /* DeadlineChangeIconView.swift */; };
		04E7EC082970DD7000AB92B8 /* DLCustomisation.swift in Sources */ = {isa = PBXBuildFile; fileRef = 04E7EC072970DD7000AB92B8 /* DLCustomisation.swift */; };
/* End PBXBuildFile section */

/* Begin PBXFileReference section */
		0417B7C2297A849000DC8E91 /* DeadlineTargetView.swift */ = {isa = PBXFileReference; lastKnownFileType = sourcecode.swift; path = DeadlineTargetView.swift; sourceTree = "<group>"; };
		0417B7C4297B43E200DC8E91 /* LinkRowView.swift */ = {isa = PBXFileReference; lastKnownFileType = sourcecode.swift; path = LinkRowView.swift; sourceTree = "<group>"; };
		0417B7C6297B83AB00DC8E91 /* LinkView.swift */ = {isa = PBXFileReference; lastKnownFileType = sourcecode.swift; path = LinkView.swift; sourceTree = "<group>"; };
		0429D9412957A6E900D6F8D2 /* Deadlines.entitlements */ = {isa = PBXFileReference; lastKnownFileType = text.plist.entitlements; path = Deadlines.entitlements; sourceTree = "<group>"; };
		04478C3C295560D900F76701 /* Deadlines.app */ = {isa = PBXFileReference; explicitFileType = wrapper.application; includeInIndex = 0; path = Deadlines.app; sourceTree = BUILT_PRODUCTS_DIR; };
		04478C3F295560D900F76701 /* DeadlinesApp.swift */ = {isa = PBXFileReference; lastKnownFileType = sourcecode.swift; path = DeadlinesApp.swift; sourceTree = "<group>"; };
		04478C41295560D900F76701 /* ContentView.swift */ = {isa = PBXFileReference; lastKnownFileType = sourcecode.swift; path = ContentView.swift; sourceTree = "<group>"; };
		04478C43295560DA00F76701 /* Assets.xcassets */ = {isa = PBXFileReference; lastKnownFileType = folder.assetcatalog; path = Assets.xcassets; sourceTree = "<group>"; };
		04478C46295560DA00F76701 /* Preview Assets.xcassets */ = {isa = PBXFileReference; lastKnownFileType = folder.assetcatalog; path = "Preview Assets.xcassets"; sourceTree = "<group>"; };
		04478C48295560DA00F76701 /* Persistence.swift */ = {isa = PBXFileReference; lastKnownFileType = sourcecode.swift; path = Persistence.swift; sourceTree = "<group>"; };
		04478C4B295560DA00F76701 /* Deadlines.xcdatamodel */ = {isa = PBXFileReference; lastKnownFileType = wrapper.xcdatamodel; path = Deadlines.xcdatamodel; sourceTree = "<group>"; };
		0448FCC729749EDA003DA08F /* PrivacyView.swift */ = {isa = PBXFileReference; lastKnownFileType = sourcecode.swift; path = PrivacyView.swift; sourceTree = "<group>"; };
		044A45752963431700AEC0F3 /* CheckboxToggleStyle.swift */ = {isa = PBXFileReference; lastKnownFileType = sourcecode.swift; path = CheckboxToggleStyle.swift; sourceTree = "<group>"; };
		044A457729634ED100AEC0F3 /* SupportStatusView.swift */ = {isa = PBXFileReference; lastKnownFileType = sourcecode.swift; path = SupportStatusView.swift; sourceTree = "<group>"; };
		044A457A296362A200AEC0F3 /* Status.swift */ = {isa = PBXFileReference; lastKnownFileType = sourcecode.swift; path = Status.swift; sourceTree = "<group>"; };
		044A457C29636EE600AEC0F3 /* getStatus.swift */ = {isa = PBXFileReference; lastKnownFileType = sourcecode.swift; path = getStatus.swift; sourceTree = "<group>"; };
		044A457E29637EF400AEC0F3 /* DeadlineView.swift */ = {isa = PBXFileReference; lastKnownFileType = sourcecode.swift; path = DeadlineView.swift; sourceTree = "<group>"; };
		044A45802963876E00AEC0F3 /* TodoView.swift */ = {isa = PBXFileReference; lastKnownFileType = sourcecode.swift; path = TodoView.swift; sourceTree = "<group>"; };
		04561CA9295F1C060087ABE7 /* NotesView.swift */ = {isa = PBXFileReference; lastKnownFileType = sourcecode.swift; path = NotesView.swift; sourceTree = "<group>"; };
		045D96C8296F395D0058033E /* DeadlineTagsView.swift */ = {isa = PBXFileReference; lastKnownFileType = sourcecode.swift; path = DeadlineTagsView.swift; sourceTree = "<group>"; };
		045D96CC296F636C0058033E /* TagViews.swift */ = {isa = PBXFileReference; lastKnownFileType = sourcecode.swift; path = TagViews.swift; sourceTree = "<group>"; };
		0468732A2958040900B12C4C /* SettingsView.swift */ = {isa = PBXFileReference; lastKnownFileType = sourcecode.swift; path = SettingsView.swift; sourceTree = "<group>"; };
		0468733129580C3000B12C4C /* DeadlineLinkView.swift */ = {isa = PBXFileReference; lastKnownFileType = sourcecode.swift; path = DeadlineLinkView.swift; sourceTree = "<group>"; };
		046873352958EC3100B12C4C /* Store.swift */ = {isa = PBXFileReference; lastKnownFileType = sourcecode.swift; path = Store.swift; sourceTree = "<group>"; };
		046873372958FFD400B12C4C /* LinkManagerSheet.swift */ = {isa = PBXFileReference; lastKnownFileType = sourcecode.swift; path = LinkManagerSheet.swift; sourceTree = "<group>"; };
		046873392959CC0200B12C4C /* Info.plist */ = {isa = PBXFileReference; lastKnownFileType = text.plist; path = Info.plist; sourceTree = "<group>"; };
		04688B582967B6ED00B68EB4 /* NotificationsManager.swift */ = {isa = PBXFileReference; lastKnownFileType = sourcecode.swift; path = NotificationsManager.swift; sourceTree = "<group>"; };
		047513A42977143000A7A066 /* LicensesView.swift */ = {isa = PBXFileReference; lastKnownFileType = sourcecode.swift; path = LicensesView.swift; sourceTree = "<group>"; };
		04807709296DD5C700D5596D /* RemindersView.swift */ = {isa = PBXFileReference; lastKnownFileType = sourcecode.swift; path = RemindersView.swift; sourceTree = "<group>"; };
		0480770C296DE2E800D5596D /* IconEmoji@2x.png */ = {isa = PBXFileReference; lastKnownFileType = image.png; path = "IconEmoji@2x.png"; sourceTree = "<group>"; };
		0480770D296DE2E800D5596D /* IconFlat@3x.png */ = {isa = PBXFileReference; lastKnownFileType = image.png; path = "IconFlat@3x.png"; sourceTree = "<group>"; };
		0480770E296DE2E800D5596D /* IconFlat@2x.png */ = {isa = PBXFileReference; lastKnownFileType = image.png; path = "IconFlat@2x.png"; sourceTree = "<group>"; };
		0480770F296DE2E800D5596D /* IconEmoji@3x.png */ = {isa = PBXFileReference; lastKnownFileType = image.png; path = "IconEmoji@3x.png"; sourceTree = "<group>"; };
		04807710296DE2E800D5596D /* IconAside@2x.png */ = {isa = PBXFileReference; lastKnownFileType = image.png; path = "IconAside@2x.png"; sourceTree = "<group>"; };
		04807711296DE2E800D5596D /* IconAside@3x.png */ = {isa = PBXFileReference; lastKnownFileType = image.png; path = "IconAside@3x.png"; sourceTree = "<group>"; };
		04807712296DE2E800D5596D /* IconMacros@3x.png */ = {isa = PBXFileReference; lastKnownFileType = image.png; path = "IconMacros@3x.png"; sourceTree = "<group>"; };
		04807713296DE2E800D5596D /* IconMacros@2x.png */ = {isa = PBXFileReference; lastKnownFileType = image.png; path = "IconMacros@2x.png"; sourceTree = "<group>"; };
		04807714296DE2E800D5596D /* IconBlack@3x.png */ = {isa = PBXFileReference; lastKnownFileType = image.png; path = "IconBlack@3x.png"; sourceTree = "<group>"; };
		04807715296DE2E800D5596D /* IconBlack@2x.png */ = {isa = PBXFileReference; lastKnownFileType = image.png; path = "IconBlack@2x.png"; sourceTree = "<group>"; };
		04807720296DE48B00D5596D /* IconDefault@3x.png */ = {isa = PBXFileReference; lastKnownFileType = image.png; path = "IconDefault@3x.png"; sourceTree = "<group>"; };
		04807721296DE48B00D5596D /* IconDefault@2x.png */ = {isa = PBXFileReference; lastKnownFileType = image.png; path = "IconDefault@2x.png"; sourceTree = "<group>"; };
		04807724296DEE7900D5596D /* IconEmoji.png */ = {isa = PBXFileReference; lastKnownFileType = image.png; path = IconEmoji.png; sourceTree = "<group>"; };
		04807725296DEE7900D5596D /* IconAside.png */ = {isa = PBXFileReference; lastKnownFileType = image.png; path = IconAside.png; sourceTree = "<group>"; };
		04807726296DEE7900D5596D /* IconFlat.png */ = {isa = PBXFileReference; lastKnownFileType = image.png; path = IconFlat.png; sourceTree = "<group>"; };
		04807727296DEE7900D5596D /* IconDefault.png */ = {isa = PBXFileReference; lastKnownFileType = image.png; path = IconDefault.png; sourceTree = "<group>"; };
		04807728296DEE7900D5596D /* IconBlack.png */ = {isa = PBXFileReference; lastKnownFileType = image.png; path = IconBlack.png; sourceTree = "<group>"; };
		04807729296DEE7900D5596D /* IconMacros.png */ = {isa = PBXFileReference; lastKnownFileType = image.png; path = IconMacros.png; sourceTree = "<group>"; };
		04807731296DF3FC00D5596D /* IconsManager.swift */ = {isa = PBXFileReference; lastKnownFileType = sourcecode.swift; path = IconsManager.swift; sourceTree = "<group>"; };
		04807733296DF73100D5596D /* IconsListView.swift */ = {isa = PBXFileReference; lastKnownFileType = sourcecode.swift; path = IconsListView.swift; sourceTree = "<group>"; };
		0484C77D296C84990014DBFB /* DeadlineSettingsView.swift */ = {isa = PBXFileReference; lastKnownFileType = sourcecode.swift; path = DeadlineSettingsView.swift; sourceTree = "<group>"; };
		04AFE798297559A900998B92 /* EncodableExtensions.swift */ = {isa = PBXFileReference; lastKnownFileType = sourcecode.swift; path = EncodableExtensions.swift; sourceTree = "<group>"; };
		04AFE79A2975E62200998B92 /* TipJarView.swift */ = {isa = PBXFileReference; lastKnownFileType = sourcecode.swift; path = TipJarView.swift; sourceTree = "<group>"; };
		04C627BE2962477F00130206 /* DeadlineTodoView.swift */ = {isa = PBXFileReference; lastKnownFileType = sourcecode.swift; path = DeadlineTodoView.swift; sourceTree = "<group>"; };
		04C627C02962488400130206 /* NewDeadlineTodoSheet.swift */ = {isa = PBXFileReference; lastKnownFileType = sourcecode.swift; path = NewDeadlineTodoSheet.swift; sourceTree = "<group>"; };
		04D058FF2964C90E0091E58C /* SupportView.swift */ = {isa = PBXFileReference; lastKnownFileType = sourcecode.swift; path = SupportView.swift; sourceTree = "<group>"; };
		04D57E9C29762DA4001AAA9F /* WelcomeView.swift */ = {isa = PBXFileReference; lastKnownFileType = sourcecode.swift; path = WelcomeView.swift; sourceTree = "<group>"; };
		04D8180329712F730020C3FE /* NewEditDeadlineView.swift */ = {isa = PBXFileReference; lastKnownFileType = sourcecode.swift; path = NewEditDeadlineView.swift; sourceTree = "<group>"; };
		04E7EC032970785400AB92B8 /* DeadlineViews.swift */ = {isa = PBXFileReference; lastKnownFileType = sourcecode.swift; path = DeadlineViews.swift; sourceTree = "<group>"; };
		04E7EC052970B55800AB92B8 /* DeadlineChangeIconView.swift */ = {isa = PBXFileReference; lastKnownFileType = sourcecode.swift; path = DeadlineChangeIconView.swift; sourceTree = "<group>"; };
		04E7EC072970DD7000AB92B8 /* DLCustomisation.swift */ = {isa = PBXFileReference; lastKnownFileType = sourcecode.swift; path = DLCustomisation.swift; sourceTree = "<group>"; };
/* End PBXFileReference section */

/* Begin PBXFrameworksBuildPhase section */
		04478C39295560D900F76701 /* Frameworks */ = {
			isa = PBXFrameworksBuildPhase;
			buildActionMask = 2147483647;
			files = (
				04AFE79E2975EBFA00998B92 /* SwiftTipJar in Frameworks */,
				04D57EA2297641E0001AAA9F /* SwiftUIX in Frameworks */,
			);
			runOnlyForDeploymentPostprocessing = 0;
		};
/* End PBXFrameworksBuildPhase section */

/* Begin PBXGroup section */
		0417B7C1297A848100DC8E91 /* Target */ = {
			isa = PBXGroup;
			children = (
				0417B7C2297A849000DC8E91 /* DeadlineTargetView.swift */,
			);
			path = Target;
			sourceTree = "<group>";
		};
		04478C33295560D900F76701 = {
			isa = PBXGroup;
			children = (
				04478C3E295560D900F76701 /* Deadlines */,
				04478C3D295560D900F76701 /* Products */,
			);
			sourceTree = "<group>";
		};
		04478C3D295560D900F76701 /* Products */ = {
			isa = PBXGroup;
			children = (
				04478C3C295560D900F76701 /* Deadlines.app */,
			);
			name = Products;
			sourceTree = "<group>";
		};
		04478C3E295560D900F76701 /* Deadlines */ = {
			isa = PBXGroup;
			children = (
				04D57E9B29762D93001AAA9F /* Onboarding */,
				04AFE7972975597900998B92 /* Data */,
				045D96C7296F394B0058033E /* Tags */,
				04807730296DF3E900D5596D /* Settings */,
				0480770B296DE2E800D5596D /* Assets */,
				04807708296DD5B400D5596D /* Reminders */,
				0484C77C296C84850014DBFB /* Deadline */,
				04D058FE2964C9000091E58C /* Support */,
				044A45792963629000AEC0F3 /* Status */,
				046873392959CC0200B12C4C /* Info.plist */,
				04561CA8295F1BEB0087ABE7 /* Notes */,
				04C627BD296240F100130206 /* Todos */,
				0468732E29580BBC00B12C4C /* Links */,
				0429D9412957A6E900D6F8D2 /* Deadlines.entitlements */,
				04478C3F295560D900F76701 /* DeadlinesApp.swift */,
				04478C41295560D900F76701 /* ContentView.swift */,
				04478C43295560DA00F76701 /* Assets.xcassets */,
				04478C48295560DA00F76701 /* Persistence.swift */,
				04478C4A295560DA00F76701 /* Deadlines.xcdatamodeld */,
				04478C45295560DA00F76701 /* Preview Content */,
				046873352958EC3100B12C4C /* Store.swift */,
				044A457E29637EF400AEC0F3 /* DeadlineView.swift */,
				04688B582967B6ED00B68EB4 /* NotificationsManager.swift */,
				04D8180329712F730020C3FE /* NewEditDeadlineView.swift */,
			);
			path = Deadlines;
			sourceTree = "<group>";
		};
		04478C45295560DA00F76701 /* Preview Content */ = {
			isa = PBXGroup;
			children = (
				04478C46295560DA00F76701 /* Preview Assets.xcassets */,
			);
			path = "Preview Content";
			sourceTree = "<group>";
		};
		044A45792963629000AEC0F3 /* Status */ = {
			isa = PBXGroup;
			children = (
				044A457A296362A200AEC0F3 /* Status.swift */,
				044A457C29636EE600AEC0F3 /* getStatus.swift */,
			);
			path = Status;
			sourceTree = "<group>";
		};
		04561CA8295F1BEB0087ABE7 /* Notes */ = {
			isa = PBXGroup;
			children = (
				04561CA9295F1C060087ABE7 /* NotesView.swift */,
			);
			path = Notes;
			sourceTree = "<group>";
		};
		045D96C7296F394B0058033E /* Tags */ = {
			isa = PBXGroup;
			children = (
				045D96C8296F395D0058033E /* DeadlineTagsView.swift */,
				045D96CC296F636C0058033E /* TagViews.swift */,
			);
			path = Tags;
			sourceTree = "<group>";
		};
		0468732E29580BBC00B12C4C /* Links */ = {
			isa = PBXGroup;
			children = (
				0468733129580C3000B12C4C /* DeadlineLinkView.swift */,
				046873372958FFD400B12C4C /* LinkManagerSheet.swift */,
				0417B7C4297B43E200DC8E91 /* LinkRowView.swift */,
				0417B7C6297B83AB00DC8E91 /* LinkView.swift */,
			);
			path = Links;
			sourceTree = "<group>";
		};
		04807708296DD5B400D5596D /* Reminders */ = {
			isa = PBXGroup;
			children = (
				04807709296DD5C700D5596D /* RemindersView.swift */,
			);
			path = Reminders;
			sourceTree = "<group>";
		};
		0480770B296DE2E800D5596D /* Assets */ = {
			isa = PBXGroup;
			children = (
				04807725296DEE7900D5596D /* IconAside.png */,
				04807727296DEE7900D5596D /* IconDefault.png */,
				04807724296DEE7900D5596D /* IconEmoji.png */,
				04807726296DEE7900D5596D /* IconFlat.png */,
				04807729296DEE7900D5596D /* IconMacros.png */,
				04807728296DEE7900D5596D /* IconBlack.png */,
				04807721296DE48B00D5596D /* IconDefault@2x.png */,
				04807720296DE48B00D5596D /* IconDefault@3x.png */,
				0480770C296DE2E800D5596D /* IconEmoji@2x.png */,
				0480770D296DE2E800D5596D /* IconFlat@3x.png */,
				0480770E296DE2E800D5596D /* IconFlat@2x.png */,
				0480770F296DE2E800D5596D /* IconEmoji@3x.png */,
				04807710296DE2E800D5596D /* IconAside@2x.png */,
				04807711296DE2E800D5596D /* IconAside@3x.png */,
				04807712296DE2E800D5596D /* IconMacros@3x.png */,
				04807713296DE2E800D5596D /* IconMacros@2x.png */,
				04807714296DE2E800D5596D /* IconBlack@3x.png */,
				04807715296DE2E800D5596D /* IconBlack@2x.png */,
			);
			path = Assets;
			sourceTree = "<group>";
		};
		04807730296DF3E900D5596D /* Settings */ = {
			isa = PBXGroup;
			children = (
				0468732A2958040900B12C4C /* SettingsView.swift */,
				04807731296DF3FC00D5596D /* IconsManager.swift */,
				04807733296DF73100D5596D /* IconsListView.swift */,
				0448FCC729749EDA003DA08F /* PrivacyView.swift */,
				04AFE79A2975E62200998B92 /* TipJarView.swift */,
				047513A42977143000A7A066 /* LicensesView.swift */,
			);
			path = Settings;
			sourceTree = "<group>";
		};
		0484C77C296C84850014DBFB /* Deadline */ = {
			isa = PBXGroup;
			children = (
				0417B7C1297A848100DC8E91 /* Target */,
				0484C77D296C84990014DBFB /* DeadlineSettingsView.swift */,
				04E7EC032970785400AB92B8 /* DeadlineViews.swift */,
				04E7EC052970B55800AB92B8 /* DeadlineChangeIconView.swift */,
				04E7EC072970DD7000AB92B8 /* DLCustomisation.swift */,
			);
			path = Deadline;
			sourceTree = "<group>";
		};
		04AFE7972975597900998B92 /* Data */ = {
			isa = PBXGroup;
			children = (
				04AFE798297559A900998B92 /* EncodableExtensions.swift */,
			);
			path = Data;
			sourceTree = "<group>";
		};
		04C627BD296240F100130206 /* Todos */ = {
			isa = PBXGroup;
			children = (
				04C627BE2962477F00130206 /* DeadlineTodoView.swift */,
				04C627C02962488400130206 /* NewDeadlineTodoSheet.swift */,
				044A45752963431700AEC0F3 /* CheckboxToggleStyle.swift */,
				044A45802963876E00AEC0F3 /* TodoView.swift */,
			);
			path = Todos;
			sourceTree = "<group>";
		};
		04D058FE2964C9000091E58C /* Support */ = {
			isa = PBXGroup;
			children = (
				04D058FF2964C90E0091E58C /* SupportView.swift */,
				044A457729634ED100AEC0F3 /* SupportStatusView.swift */,
			);
			path = Support;
			sourceTree = "<group>";
		};
		04D57E9B29762D93001AAA9F /* Onboarding */ = {
			isa = PBXGroup;
			children = (
				04D57E9C29762DA4001AAA9F /* WelcomeView.swift */,
			);
			path = Onboarding;
			sourceTree = "<group>";
		};
/* End PBXGroup section */

/* Begin PBXNativeTarget section */
		04478C3B295560D900F76701 /* Deadlines */ = {
			isa = PBXNativeTarget;
			buildConfigurationList = 04478C4F295560DA00F76701 /* Build configuration list for PBXNativeTarget "Deadlines" */;
			buildPhases = (
				04478C38295560D900F76701 /* Sources */,
				04478C39295560D900F76701 /* Frameworks */,
				04478C3A295560D900F76701 /* Resources */,
			);
			buildRules = (
			);
			dependencies = (
			);
			name = Deadlines;
			packageProductDependencies = (
				04AFE79D2975EBFA00998B92 /* SwiftTipJar */,
				04D57EA1297641E0001AAA9F /* SwiftUIX */,
			);
			productName = Deadlines;
			productReference = 04478C3C295560D900F76701 /* Deadlines.app */;
			productType = "com.apple.product-type.application";
		};
/* End PBXNativeTarget section */

/* Begin PBXProject section */
		04478C34295560D900F76701 /* Project object */ = {
			isa = PBXProject;
			attributes = {
				BuildIndependentTargetsInParallel = 1;
				LastSwiftUpdateCheck = 1420;
				LastUpgradeCheck = 1420;
				TargetAttributes = {
					04478C3B295560D900F76701 = {
						CreatedOnToolsVersion = 14.2;
					};
				};
			};
			buildConfigurationList = 04478C37295560D900F76701 /* Build configuration list for PBXProject "Deadlines" */;
			compatibilityVersion = "Xcode 14.0";
			developmentRegion = en;
			hasScannedForEncodings = 0;
			knownRegions = (
				en,
				Base,
			);
			mainGroup = 04478C33295560D900F76701;
			packageReferences = (
				04AFE79C2975EBFA00998B92 /* XCRemoteSwiftPackageReference "SwiftTipJar" */,
				04D57EA0297641DF001AAA9F /* XCRemoteSwiftPackageReference "SwiftUIX" */,
			);
			productRefGroup = 04478C3D295560D900F76701 /* Products */;
			projectDirPath = "";
			projectRoot = "";
			targets = (
				04478C3B295560D900F76701 /* Deadlines */,
			);
		};
/* End PBXProject section */

/* Begin PBXResourcesBuildPhase section */
		04478C3A295560D900F76701 /* Resources */ = {
			isa = PBXResourcesBuildPhase;
			buildActionMask = 2147483647;
			files = (
				0480772C296DEE7900D5596D /* IconFlat.png in Resources */,
				0480771E296DE2E900D5596D /* IconBlack@3x.png in Resources */,
				04807722296DE48B00D5596D /* IconDefault@3x.png in Resources */,
				0480771D296DE2E900D5596D /* IconMacros@2x.png in Resources */,
				0480772D296DEE7900D5596D /* IconDefault.png in Resources */,
				04807716296DE2E900D5596D /* IconEmoji@2x.png in Resources */,
				04807717296DE2E900D5596D /* IconFlat@3x.png in Resources */,
				04807718296DE2E900D5596D /* IconFlat@2x.png in Resources */,
				0480771F296DE2E900D5596D /* IconBlack@2x.png in Resources */,
				04807719296DE2E900D5596D /* IconEmoji@3x.png in Resources */,
				04478C47295560DA00F76701 /* Preview Assets.xcassets in Resources */,
				0480771B296DE2E900D5596D /* IconAside@3x.png in Resources */,
				0480771A296DE2E900D5596D /* IconAside@2x.png in Resources */,
				0480772B296DEE7900D5596D /* IconAside.png in Resources */,
				04807723296DE48B00D5596D /* IconDefault@2x.png in Resources */,
				0480772F296DEE7900D5596D /* IconMacros.png in Resources */,
				0480772A296DEE7900D5596D /* IconEmoji.png in Resources */,
				0480772E296DEE7900D5596D /* IconBlack.png in Resources */,
				04478C44295560DA00F76701 /* Assets.xcassets in Resources */,
				0480771C296DE2E900D5596D /* IconMacros@3x.png in Resources */,
			);
			runOnlyForDeploymentPostprocessing = 0;
		};
/* End PBXResourcesBuildPhase section */

/* Begin PBXSourcesBuildPhase section */
		04478C38295560D900F76701 /* Sources */ = {
			isa = PBXSourcesBuildPhase;
			buildActionMask = 2147483647;
			files = (
				04E7EC082970DD7000AB92B8 /* DLCustomisation.swift in Sources */,
				04E7EC062970B55800AB92B8 /* DeadlineChangeIconView.swift in Sources */,
				0468733229580C3000B12C4C /* DeadlineLinkView.swift in Sources */,
				04561CAA295F1C060087ABE7 /* NotesView.swift in Sources */,
				044A457F29637EF400AEC0F3 /* DeadlineView.swift in Sources */,
				04AFE799297559A900998B92 /* EncodableExtensions.swift in Sources */,
				04478C49295560DA00F76701 /* Persistence.swift in Sources */,
				04807732296DF3FC00D5596D /* IconsManager.swift in Sources */,
				04E7EC042970785400AB92B8 /* DeadlineViews.swift in Sources */,
				04C627BF2962477F00130206 /* DeadlineTodoView.swift in Sources */,
				044A45812963876E00AEC0F3 /* TodoView.swift in Sources */,
				046873362958EC3100B12C4C /* Store.swift in Sources */,
				045D96CD296F636C0058033E /* TagViews.swift in Sources */,
				0417B7C5297B43E200DC8E91 /* LinkRowView.swift in Sources */,
				04807734296DF73100D5596D /* IconsListView.swift in Sources */,
				0480770A296DD5C700D5596D /* RemindersView.swift in Sources */,
				04478C42295560D900F76701 /* ContentView.swift in Sources */,
				04D57E9D29762DA4001AAA9F /* WelcomeView.swift in Sources */,
				04AFE79B2975E62200998B92 /* TipJarView.swift in Sources */,
				045D96C9296F395D0058033E /* DeadlineTagsView.swift in Sources */,
				04D059002964C90E0091E58C /* SupportView.swift in Sources */,
				044A45762963431700AEC0F3 /* CheckboxToggleStyle.swift in Sources */,
				04478C40295560D900F76701 /* DeadlinesApp.swift in Sources */,
				0484C77E296C84990014DBFB /* DeadlineSettingsView.swift in Sources */,
				04D8180429712F730020C3FE /* NewEditDeadlineView.swift in Sources */,
				0417B7C7297B83AB00DC8E91 /* LinkView.swift in Sources */,
				04C627C12962488400130206 /* NewDeadlineTodoSheet.swift in Sources */,
				044A457829634ED100AEC0F3 /* SupportStatusView.swift in Sources */,
				044A457B296362A200AEC0F3 /* Status.swift in Sources */,
				0417B7C3297A849000DC8E91 /* DeadlineTargetView.swift in Sources */,
				04478C4C295560DA00F76701 /* Deadlines.xcdatamodeld in Sources */,
				046873382958FFD400B12C4C /* LinkManagerSheet.swift in Sources */,
				044A457D29636EE600AEC0F3 /* getStatus.swift in Sources */,
				04688B592967B6ED00B68EB4 /* NotificationsManager.swift in Sources */,
				0468732B2958040900B12C4C /* SettingsView.swift in Sources */,
				047513A52977143000A7A066 /* LicensesView.swift in Sources */,
				0448FCC829749EDA003DA08F /* PrivacyView.swift in Sources */,
			);
			runOnlyForDeploymentPostprocessing = 0;
		};
/* End PBXSourcesBuildPhase section */

/* Begin XCBuildConfiguration section */
		04478C4D295560DA00F76701 /* Debug */ = {
			isa = XCBuildConfiguration;
			buildSettings = {
				ALWAYS_SEARCH_USER_PATHS = NO;
				CLANG_ANALYZER_NONNULL = YES;
				CLANG_ANALYZER_NUMBER_OBJECT_CONVERSION = YES_AGGRESSIVE;
				CLANG_CXX_LANGUAGE_STANDARD = "gnu++20";
				CLANG_ENABLE_MODULES = YES;
				CLANG_ENABLE_OBJC_ARC = YES;
				CLANG_ENABLE_OBJC_WEAK = YES;
				CLANG_WARN_BLOCK_CAPTURE_AUTORELEASING = YES;
				CLANG_WARN_BOOL_CONVERSION = YES;
				CLANG_WARN_COMMA = YES;
				CLANG_WARN_CONSTANT_CONVERSION = YES;
				CLANG_WARN_DEPRECATED_OBJC_IMPLEMENTATIONS = YES;
				CLANG_WARN_DIRECT_OBJC_ISA_USAGE = YES_ERROR;
				CLANG_WARN_DOCUMENTATION_COMMENTS = YES;
				CLANG_WARN_EMPTY_BODY = YES;
				CLANG_WARN_ENUM_CONVERSION = YES;
				CLANG_WARN_INFINITE_RECURSION = YES;
				CLANG_WARN_INT_CONVERSION = YES;
				CLANG_WARN_NON_LITERAL_NULL_CONVERSION = YES;
				CLANG_WARN_OBJC_IMPLICIT_RETAIN_SELF = YES;
				CLANG_WARN_OBJC_LITERAL_CONVERSION = YES;
				CLANG_WARN_OBJC_ROOT_CLASS = YES_ERROR;
				CLANG_WARN_QUOTED_INCLUDE_IN_FRAMEWORK_HEADER = YES;
				CLANG_WARN_RANGE_LOOP_ANALYSIS = YES;
				CLANG_WARN_STRICT_PROTOTYPES = YES;
				CLANG_WARN_SUSPICIOUS_MOVE = YES;
				CLANG_WARN_UNGUARDED_AVAILABILITY = YES_AGGRESSIVE;
				CLANG_WARN_UNREACHABLE_CODE = YES;
				CLANG_WARN__DUPLICATE_METHOD_MATCH = YES;
				COPY_PHASE_STRIP = NO;
				DEBUG_INFORMATION_FORMAT = dwarf;
				ENABLE_STRICT_OBJC_MSGSEND = YES;
				ENABLE_TESTABILITY = YES;
				GCC_C_LANGUAGE_STANDARD = gnu11;
				GCC_DYNAMIC_NO_PIC = NO;
				GCC_NO_COMMON_BLOCKS = YES;
				GCC_OPTIMIZATION_LEVEL = 0;
				GCC_PREPROCESSOR_DEFINITIONS = (
					"DEBUG=1",
					"$(inherited)",
				);
				GCC_WARN_64_TO_32_BIT_CONVERSION = YES;
				GCC_WARN_ABOUT_RETURN_TYPE = YES_ERROR;
				GCC_WARN_UNDECLARED_SELECTOR = YES;
				GCC_WARN_UNINITIALIZED_AUTOS = YES_AGGRESSIVE;
				GCC_WARN_UNUSED_FUNCTION = YES;
				GCC_WARN_UNUSED_VARIABLE = YES;
				IPHONEOS_DEPLOYMENT_TARGET = 16.2;
				MTL_ENABLE_DEBUG_INFO = INCLUDE_SOURCE;
				MTL_FAST_MATH = YES;
				ONLY_ACTIVE_ARCH = YES;
				SDKROOT = iphoneos;
				SWIFT_ACTIVE_COMPILATION_CONDITIONS = DEBUG;
				SWIFT_OPTIMIZATION_LEVEL = "-Onone";
			};
			name = Debug;
		};
		04478C4E295560DA00F76701 /* Release */ = {
			isa = XCBuildConfiguration;
			buildSettings = {
				ALWAYS_SEARCH_USER_PATHS = NO;
				CLANG_ANALYZER_NONNULL = YES;
				CLANG_ANALYZER_NUMBER_OBJECT_CONVERSION = YES_AGGRESSIVE;
				CLANG_CXX_LANGUAGE_STANDARD = "gnu++20";
				CLANG_ENABLE_MODULES = YES;
				CLANG_ENABLE_OBJC_ARC = YES;
				CLANG_ENABLE_OBJC_WEAK = YES;
				CLANG_WARN_BLOCK_CAPTURE_AUTORELEASING = YES;
				CLANG_WARN_BOOL_CONVERSION = YES;
				CLANG_WARN_COMMA = YES;
				CLANG_WARN_CONSTANT_CONVERSION = YES;
				CLANG_WARN_DEPRECATED_OBJC_IMPLEMENTATIONS = YES;
				CLANG_WARN_DIRECT_OBJC_ISA_USAGE = YES_ERROR;
				CLANG_WARN_DOCUMENTATION_COMMENTS = YES;
				CLANG_WARN_EMPTY_BODY = YES;
				CLANG_WARN_ENUM_CONVERSION = YES;
				CLANG_WARN_INFINITE_RECURSION = YES;
				CLANG_WARN_INT_CONVERSION = YES;
				CLANG_WARN_NON_LITERAL_NULL_CONVERSION = YES;
				CLANG_WARN_OBJC_IMPLICIT_RETAIN_SELF = YES;
				CLANG_WARN_OBJC_LITERAL_CONVERSION = YES;
				CLANG_WARN_OBJC_ROOT_CLASS = YES_ERROR;
				CLANG_WARN_QUOTED_INCLUDE_IN_FRAMEWORK_HEADER = YES;
				CLANG_WARN_RANGE_LOOP_ANALYSIS = YES;
				CLANG_WARN_STRICT_PROTOTYPES = YES;
				CLANG_WARN_SUSPICIOUS_MOVE = YES;
				CLANG_WARN_UNGUARDED_AVAILABILITY = YES_AGGRESSIVE;
				CLANG_WARN_UNREACHABLE_CODE = YES;
				CLANG_WARN__DUPLICATE_METHOD_MATCH = YES;
				COPY_PHASE_STRIP = NO;
				DEBUG_INFORMATION_FORMAT = "dwarf-with-dsym";
				ENABLE_NS_ASSERTIONS = NO;
				ENABLE_STRICT_OBJC_MSGSEND = YES;
				GCC_C_LANGUAGE_STANDARD = gnu11;
				GCC_NO_COMMON_BLOCKS = YES;
				GCC_WARN_64_TO_32_BIT_CONVERSION = YES;
				GCC_WARN_ABOUT_RETURN_TYPE = YES_ERROR;
				GCC_WARN_UNDECLARED_SELECTOR = YES;
				GCC_WARN_UNINITIALIZED_AUTOS = YES_AGGRESSIVE;
				GCC_WARN_UNUSED_FUNCTION = YES;
				GCC_WARN_UNUSED_VARIABLE = YES;
				IPHONEOS_DEPLOYMENT_TARGET = 16.2;
				MTL_ENABLE_DEBUG_INFO = NO;
				MTL_FAST_MATH = YES;
				SDKROOT = iphoneos;
				SWIFT_COMPILATION_MODE = wholemodule;
				SWIFT_OPTIMIZATION_LEVEL = "-O";
				VALIDATE_PRODUCT = YES;
			};
			name = Release;
		};
		04478C50295560DA00F76701 /* Debug */ = {
			isa = XCBuildConfiguration;
			buildSettings = {
				ASSETCATALOG_COMPILER_APPICON_NAME = AppIcon;
				ASSETCATALOG_COMPILER_GLOBAL_ACCENT_COLOR_NAME = AccentColor;
				CODE_SIGN_ENTITLEMENTS = Deadlines/Deadlines.entitlements;
				CODE_SIGN_STYLE = Automatic;
				CURRENT_PROJECT_VERSION = 4;
				DEVELOPMENT_ASSET_PATHS = "\"Deadlines/Preview Content\"";
				DEVELOPMENT_TEAM = G2D5W96ZY7;
				ENABLE_PREVIEWS = YES;
				GENERATE_INFOPLIST_FILE = YES;
				INFOPLIST_FILE = Deadlines/Info.plist;
				INFOPLIST_KEY_CFBundleDisplayName = Deadlines;
				INFOPLIST_KEY_LSApplicationCategoryType = "public.app-category.productivity";
				INFOPLIST_KEY_NSFaceIDUsageDescription = "Secure your deadlines";
				INFOPLIST_KEY_UIApplicationSupportsIndirectInputEvents = YES;
				INFOPLIST_KEY_UILaunchScreen_Generation = YES;
				INFOPLIST_KEY_UISupportedInterfaceOrientations_iPad = "UIInterfaceOrientationPortrait UIInterfaceOrientationPortraitUpsideDown UIInterfaceOrientationLandscapeLeft UIInterfaceOrientationLandscapeRight";
				INFOPLIST_KEY_UISupportedInterfaceOrientations_iPhone = "UIInterfaceOrientationPortrait UIInterfaceOrientationLandscapeLeft UIInterfaceOrientationLandscapeRight";
				IPHONEOS_DEPLOYMENT_TARGET = 16.0;
				LD_RUNPATH_SEARCH_PATHS = (
					"$(inherited)",
					"@executable_path/Frameworks",
				);
				MARKETING_VERSION = 1.4.0;
				PRODUCT_BUNDLE_IDENTIFIER = uk.jw3.Deadlines;
				PRODUCT_NAME = "$(TARGET_NAME)";
				SUPPORTED_PLATFORMS = "iphoneos iphonesimulator";
				SUPPORTS_MACCATALYST = NO;
				SUPPORTS_MAC_DESIGNED_FOR_IPHONE_IPAD = YES;
				SWIFT_EMIT_LOC_STRINGS = YES;
				SWIFT_VERSION = 5.0;
				TARGETED_DEVICE_FAMILY = "1,2,6";
			};
			name = Debug;
		};
		04478C51295560DA00F76701 /* Release */ = {
			isa = XCBuildConfiguration;
			buildSettings = {
				ASSETCATALOG_COMPILER_APPICON_NAME = AppIcon;
				ASSETCATALOG_COMPILER_GLOBAL_ACCENT_COLOR_NAME = AccentColor;
				CODE_SIGN_ENTITLEMENTS = Deadlines/Deadlines.entitlements;
				CODE_SIGN_STYLE = Automatic;
				CURRENT_PROJECT_VERSION = 4;
				DEVELOPMENT_ASSET_PATHS = "\"Deadlines/Preview Content\"";
				DEVELOPMENT_TEAM = G2D5W96ZY7;
				ENABLE_PREVIEWS = YES;
				GENERATE_INFOPLIST_FILE = YES;
				INFOPLIST_FILE = Deadlines/Info.plist;
				INFOPLIST_KEY_CFBundleDisplayName = Deadlines;
				INFOPLIST_KEY_LSApplicationCategoryType = "public.app-category.productivity";
				INFOPLIST_KEY_NSFaceIDUsageDescription = "Secure your deadlines";
				INFOPLIST_KEY_UIApplicationSupportsIndirectInputEvents = YES;
				INFOPLIST_KEY_UILaunchScreen_Generation = YES;
				INFOPLIST_KEY_UISupportedInterfaceOrientations_iPad = "UIInterfaceOrientationPortrait UIInterfaceOrientationPortraitUpsideDown UIInterfaceOrientationLandscapeLeft UIInterfaceOrientationLandscapeRight";
				INFOPLIST_KEY_UISupportedInterfaceOrientations_iPhone = "UIInterfaceOrientationPortrait UIInterfaceOrientationLandscapeLeft UIInterfaceOrientationLandscapeRight";
				IPHONEOS_DEPLOYMENT_TARGET = 16.0;
				LD_RUNPATH_SEARCH_PATHS = (
					"$(inherited)",
					"@executable_path/Frameworks",
				);
				MARKETING_VERSION = 1.4.0;
				PRODUCT_BUNDLE_IDENTIFIER = uk.jw3.Deadlines;
				PRODUCT_NAME = "$(TARGET_NAME)";
				SUPPORTED_PLATFORMS = "iphoneos iphonesimulator";
				SUPPORTS_MACCATALYST = NO;
				SUPPORTS_MAC_DESIGNED_FOR_IPHONE_IPAD = YES;
				SWIFT_EMIT_LOC_STRINGS = YES;
				SWIFT_VERSION = 5.0;
				TARGETED_DEVICE_FAMILY = "1,2,6";
			};
			name = Release;
		};
/* End XCBuildConfiguration section */

/* Begin XCConfigurationList section */
		04478C37295560D900F76701 /* Build configuration list for PBXProject "Deadlines" */ = {
			isa = XCConfigurationList;
			buildConfigurations = (
				04478C4D295560DA00F76701 /* Debug */,
				04478C4E295560DA00F76701 /* Release */,
			);
			defaultConfigurationIsVisible = 0;
			defaultConfigurationName = Release;
		};
		04478C4F295560DA00F76701 /* Build configuration list for PBXNativeTarget "Deadlines" */ = {
			isa = XCConfigurationList;
			buildConfigurations = (
				04478C50295560DA00F76701 /* Debug */,
				04478C51295560DA00F76701 /* Release */,
			);
			defaultConfigurationIsVisible = 0;
			defaultConfigurationName = Release;
		};
/* End XCConfigurationList section */

/* Begin XCRemoteSwiftPackageReference section */
		04AFE79C2975EBFA00998B92 /* XCRemoteSwiftPackageReference "SwiftTipJar" */ = {
			isa = XCRemoteSwiftPackageReference;
			repositoryURL = "https://github.com/dkasaj/SwiftTipJar";
			requirement = {
				kind = upToNextMajorVersion;
				minimumVersion = 1.0.0;
			};
		};
		04D57EA0297641DF001AAA9F /* XCRemoteSwiftPackageReference "SwiftUIX" */ = {
			isa = XCRemoteSwiftPackageReference;
			repositoryURL = "https://github.com/SwiftUIX/SwiftUIX";
			requirement = {
				branch = master;
				kind = branch;
			};
		};
/* End XCRemoteSwiftPackageReference section */

/* Begin XCSwiftPackageProductDependency section */
		04AFE79D2975EBFA00998B92 /* SwiftTipJar */ = {
			isa = XCSwiftPackageProductDependency;
			package = 04AFE79C2975EBFA00998B92 /* XCRemoteSwiftPackageReference "SwiftTipJar" */;
			productName = SwiftTipJar;
		};
		04D57EA1297641E0001AAA9F /* SwiftUIX */ = {
			isa = XCSwiftPackageProductDependency;
			package = 04D57EA0297641DF001AAA9F /* XCRemoteSwiftPackageReference "SwiftUIX" */;
			productName = SwiftUIX;
		};
/* End XCSwiftPackageProductDependency section */

/* Begin XCVersionGroup section */
		04478C4A295560DA00F76701 /* Deadlines.xcdatamodeld */ = {
			isa = XCVersionGroup;
			children = (
				04478C4B295560DA00F76701 /* Deadlines.xcdatamodel */,
			);
			currentVersion = 04478C4B295560DA00F76701 /* Deadlines.xcdatamodel */;
			path = Deadlines.xcdatamodeld;
			sourceTree = "<group>";
			versionGroupType = wrapper.xcdatamodel;
		};
/* End XCVersionGroup section */
	};
	rootObject = 04478C34295560D900F76701 /* Project object */;
}
