// !$*UTF8*$!
{
	archiveVersion = 1;
	classes = {
	};
	objectVersion = 56;
	objects = {

/* Begin PBXBuildFile section */
		04478C40295560D900F76701 /* DeadlinesApp.swift in Sources */ = {isa = PBXBuildFile; fileRef = 04478C3F295560D900F76701 /* DeadlinesApp.swift */; };
		04478C42295560D900F76701 /* ContentView.swift in Sources */ = {isa = PBXBuildFile; fileRef = 04478C41295560D900F76701 /* ContentView.swift */; };
		04478C44295560DA00F76701 /* Assets.xcassets in Resources */ = {isa = PBXBuildFile; fileRef = 04478C43295560DA00F76701 /* Assets.xcassets */; };
		04478C47295560DA00F76701 /* Preview Assets.xcassets in Resources */ = {isa = PBXBuildFile; fileRef = 04478C46295560DA00F76701 /* Preview Assets.xcassets */; };
		04478C49295560DA00F76701 /* Persistence.swift in Sources */ = {isa = PBXBuildFile; fileRef = 04478C48295560DA00F76701 /* Persistence.swift */; };
		04478C4C295560DA00F76701 /* Deadlines.xcdatamodeld in Sources */ = {isa = PBXBuildFile; fileRef = 04478C4A295560DA00F76701 /* Deadlines.xcdatamodeld */; };
		0468732B2958040900B12C4C /* Settings.swift in Sources */ = {isa = PBXBuildFile; fileRef = 0468732A2958040900B12C4C /* Settings.swift */; };
		0468732D295805B600B12C4C /* NewDeadline.swift in Sources */ = {isa = PBXBuildFile; fileRef = 0468732C295805B600B12C4C /* NewDeadline.swift */; };
		0468733229580C3000B12C4C /* DeadlineLinkView.swift in Sources */ = {isa = PBXBuildFile; fileRef = 0468733129580C3000B12C4C /* DeadlineLinkView.swift */; };
		046873362958EC3100B12C4C /* Store.swift in Sources */ = {isa = PBXBuildFile; fileRef = 046873352958EC3100B12C4C /* Store.swift */; };
		046873382958FFD400B12C4C /* NewDeadlineLinkSheet.swift in Sources */ = {isa = PBXBuildFile; fileRef = 046873372958FFD400B12C4C /* NewDeadlineLinkSheet.swift */; };
		0468733C295CC1B900B12C4C /* GetDeadlineDateIntent.swift in Sources */ = {isa = PBXBuildFile; fileRef = 0468733B295CC1B900B12C4C /* GetDeadlineDateIntent.swift */; };
/* End PBXBuildFile section */

/* Begin PBXFileReference section */
		0429D9412957A6E900D6F8D2 /* Deadlines.entitlements */ = {isa = PBXFileReference; lastKnownFileType = text.plist.entitlements; path = Deadlines.entitlements; sourceTree = "<group>"; };
		04478C3C295560D900F76701 /* Deadlines.app */ = {isa = PBXFileReference; explicitFileType = wrapper.application; includeInIndex = 0; path = Deadlines.app; sourceTree = BUILT_PRODUCTS_DIR; };
		04478C3F295560D900F76701 /* DeadlinesApp.swift */ = {isa = PBXFileReference; lastKnownFileType = sourcecode.swift; path = DeadlinesApp.swift; sourceTree = "<group>"; };
		04478C41295560D900F76701 /* ContentView.swift */ = {isa = PBXFileReference; lastKnownFileType = sourcecode.swift; path = ContentView.swift; sourceTree = "<group>"; };
		04478C43295560DA00F76701 /* Assets.xcassets */ = {isa = PBXFileReference; lastKnownFileType = folder.assetcatalog; path = Assets.xcassets; sourceTree = "<group>"; };
		04478C46295560DA00F76701 /* Preview Assets.xcassets */ = {isa = PBXFileReference; lastKnownFileType = folder.assetcatalog; path = "Preview Assets.xcassets"; sourceTree = "<group>"; };
		04478C48295560DA00F76701 /* Persistence.swift */ = {isa = PBXFileReference; lastKnownFileType = sourcecode.swift; path = Persistence.swift; sourceTree = "<group>"; };
		04478C4B295560DA00F76701 /* Deadlines.xcdatamodel */ = {isa = PBXFileReference; lastKnownFileType = wrapper.xcdatamodel; path = Deadlines.xcdatamodel; sourceTree = "<group>"; };
		0468732A2958040900B12C4C /* Settings.swift */ = {isa = PBXFileReference; lastKnownFileType = sourcecode.swift; path = Settings.swift; sourceTree = "<group>"; };
		0468732C295805B600B12C4C /* NewDeadline.swift */ = {isa = PBXFileReference; lastKnownFileType = sourcecode.swift; path = NewDeadline.swift; sourceTree = "<group>"; };
		0468733129580C3000B12C4C /* DeadlineLinkView.swift */ = {isa = PBXFileReference; lastKnownFileType = sourcecode.swift; path = DeadlineLinkView.swift; sourceTree = "<group>"; };
		046873352958EC3100B12C4C /* Store.swift */ = {isa = PBXFileReference; lastKnownFileType = sourcecode.swift; path = Store.swift; sourceTree = "<group>"; };
		046873372958FFD400B12C4C /* NewDeadlineLinkSheet.swift */ = {isa = PBXFileReference; lastKnownFileType = sourcecode.swift; path = NewDeadlineLinkSheet.swift; sourceTree = "<group>"; };
		046873392959CC0200B12C4C /* Info.plist */ = {isa = PBXFileReference; lastKnownFileType = text.plist; path = Info.plist; sourceTree = "<group>"; };
		0468733B295CC1B900B12C4C /* GetDeadlineDateIntent.swift */ = {isa = PBXFileReference; lastKnownFileType = sourcecode.swift; path = GetDeadlineDateIntent.swift; sourceTree = "<group>"; };
/* End PBXFileReference section */

/* Begin PBXFrameworksBuildPhase section */
		04478C39295560D900F76701 /* Frameworks */ = {
			isa = PBXFrameworksBuildPhase;
			buildActionMask = 2147483647;
			files = (
			);
			runOnlyForDeploymentPostprocessing = 0;
		};
/* End PBXFrameworksBuildPhase section */

/* Begin PBXGroup section */
		04478C33295560D900F76701 = {
			isa = PBXGroup;
			children = (
				04478C3E295560D900F76701 /* Deadlines */,
				04478C3D295560D900F76701 /* Products */,
			);
			sourceTree = "<group>";
		};
		04478C3D295560D900F76701 /* Products */ = {
			isa = PBXGroup;
			children = (
				04478C3C295560D900F76701 /* Deadlines.app */,
			);
			name = Products;
			sourceTree = "<group>";
		};
		04478C3E295560D900F76701 /* Deadlines */ = {
			isa = PBXGroup;
			children = (
				0468733A295CC16900B12C4C /* Intents */,
				046873392959CC0200B12C4C /* Info.plist */,
				0468732E29580BBC00B12C4C /* Links */,
				0429D9412957A6E900D6F8D2 /* Deadlines.entitlements */,
				04478C3F295560D900F76701 /* DeadlinesApp.swift */,
				04478C41295560D900F76701 /* ContentView.swift */,
				0468732C295805B600B12C4C /* NewDeadline.swift */,
				0468732A2958040900B12C4C /* Settings.swift */,
				04478C43295560DA00F76701 /* Assets.xcassets */,
				04478C48295560DA00F76701 /* Persistence.swift */,
				04478C4A295560DA00F76701 /* Deadlines.xcdatamodeld */,
				04478C45295560DA00F76701 /* Preview Content */,
				046873352958EC3100B12C4C /* Store.swift */,
			);
			path = Deadlines;
			sourceTree = "<group>";
		};
		04478C45295560DA00F76701 /* Preview Content */ = {
			isa = PBXGroup;
			children = (
				04478C46295560DA00F76701 /* Preview Assets.xcassets */,
			);
			path = "Preview Content";
			sourceTree = "<group>";
		};
		0468732E29580BBC00B12C4C /* Links */ = {
			isa = PBXGroup;
			children = (
				0468733129580C3000B12C4C /* DeadlineLinkView.swift */,
				046873372958FFD400B12C4C /* NewDeadlineLinkSheet.swift */,
			);
			path = Links;
			sourceTree = "<group>";
		};
		0468733A295CC16900B12C4C /* Intents */ = {
			isa = PBXGroup;
			children = (
				0468733B295CC1B900B12C4C /* GetDeadlineDateIntent.swift */,
			);
			path = Intents;
			sourceTree = "<group>";
		};
/* End PBXGroup section */

/* Begin PBXNativeTarget section */
		04478C3B295560D900F76701 /* Deadlines */ = {
			isa = PBXNativeTarget;
			buildConfigurationList = 04478C4F295560DA00F76701 /* Build configuration list for PBXNativeTarget "Deadlines" */;
			buildPhases = (
				04478C38295560D900F76701 /* Sources */,
				04478C39295560D900F76701 /* Frameworks */,
				04478C3A295560D900F76701 /* Resources */,
			);
			buildRules = (
			);
			dependencies = (
			);
			name = Deadlines;
			productName = Deadlines;
			productReference = 04478C3C295560D900F76701 /* Deadlines.app */;
			productType = "com.apple.product-type.application";
		};
/* End PBXNativeTarget section */

/* Begin PBXProject section */
		04478C34295560D900F76701 /* Project object */ = {
			isa = PBXProject;
			attributes = {
				BuildIndependentTargetsInParallel = 1;
				LastSwiftUpdateCheck = 1420;
				LastUpgradeCheck = 1420;
				TargetAttributes = {
					04478C3B295560D900F76701 = {
						CreatedOnToolsVersion = 14.2;
					};
				};
			};
			buildConfigurationList = 04478C37295560D900F76701 /* Build configuration list for PBXProject "Deadlines" */;
			compatibilityVersion = "Xcode 14.0";
			developmentRegion = en;
			hasScannedForEncodings = 0;
			knownRegions = (
				en,
				Base,
			);
			mainGroup = 04478C33295560D900F76701;
			productRefGroup = 04478C3D295560D900F76701 /* Products */;
			projectDirPath = "";
			projectRoot = "";
			targets = (
				04478C3B295560D900F76701 /* Deadlines */,
			);
		};
/* End PBXProject section */

/* Begin PBXResourcesBuildPhase section */
		04478C3A295560D900F76701 /* Resources */ = {
			isa = PBXResourcesBuildPhase;
			buildActionMask = 2147483647;
			files = (
				04478C47295560DA00F76701 /* Preview Assets.xcassets in Resources */,
				04478C44295560DA00F76701 /* Assets.xcassets in Resources */,
			);
			runOnlyForDeploymentPostprocessing = 0;
		};
/* End PBXResourcesBuildPhase section */

/* Begin PBXSourcesBuildPhase section */
		04478C38295560D900F76701 /* Sources */ = {
			isa = PBXSourcesBuildPhase;
			buildActionMask = 2147483647;
			files = (
				0468733229580C3000B12C4C /* DeadlineLinkView.swift in Sources */,
				0468732D295805B600B12C4C /* NewDeadline.swift in Sources */,
				04478C49295560DA00F76701 /* Persistence.swift in Sources */,
				046873362958EC3100B12C4C /* Store.swift in Sources */,
				0468733C295CC1B900B12C4C /* GetDeadlineDateIntent.swift in Sources */,
				04478C42295560D900F76701 /* ContentView.swift in Sources */,
				04478C40295560D900F76701 /* DeadlinesApp.swift in Sources */,
				04478C4C295560DA00F76701 /* Deadlines.xcdatamodeld in Sources */,
				046873382958FFD400B12C4C /* NewDeadlineLinkSheet.swift in Sources */,
				0468732B2958040900B12C4C /* Settings.swift in Sources */,
			);
			runOnlyForDeploymentPostprocessing = 0;
		};
/* End PBXSourcesBuildPhase section */

/* Begin XCBuildConfiguration section */
		04478C4D295560DA00F76701 /* Debug */ = {
			isa = XCBuildConfiguration;
			buildSettings = {
				ALWAYS_SEARCH_USER_PATHS = NO;
				CLANG_ANALYZER_NONNULL = YES;
				CLANG_ANALYZER_NUMBER_OBJECT_CONVERSION = YES_AGGRESSIVE;
				CLANG_CXX_LANGUAGE_STANDARD = "gnu++20";
				CLANG_ENABLE_MODULES = YES;
				CLANG_ENABLE_OBJC_ARC = YES;
				CLANG_ENABLE_OBJC_WEAK = YES;
				CLANG_WARN_BLOCK_CAPTURE_AUTORELEASING = YES;
				CLANG_WARN_BOOL_CONVERSION = YES;
				CLANG_WARN_COMMA = YES;
				CLANG_WARN_CONSTANT_CONVERSION = YES;
				CLANG_WARN_DEPRECATED_OBJC_IMPLEMENTATIONS = YES;
				CLANG_WARN_DIRECT_OBJC_ISA_USAGE = YES_ERROR;
				CLANG_WARN_DOCUMENTATION_COMMENTS = YES;
				CLANG_WARN_EMPTY_BODY = YES;
				CLANG_WARN_ENUM_CONVERSION = YES;
				CLANG_WARN_INFINITE_RECURSION = YES;
				CLANG_WARN_INT_CONVERSION = YES;
				CLANG_WARN_NON_LITERAL_NULL_CONVERSION = YES;
				CLANG_WARN_OBJC_IMPLICIT_RETAIN_SELF = YES;
				CLANG_WARN_OBJC_LITERAL_CONVERSION = YES;
				CLANG_WARN_OBJC_ROOT_CLASS = YES_ERROR;
				CLANG_WARN_QUOTED_INCLUDE_IN_FRAMEWORK_HEADER = YES;
				CLANG_WARN_RANGE_LOOP_ANALYSIS = YES;
				CLANG_WARN_STRICT_PROTOTYPES = YES;
				CLANG_WARN_SUSPICIOUS_MOVE = YES;
				CLANG_WARN_UNGUARDED_AVAILABILITY = YES_AGGRESSIVE;
				CLANG_WARN_UNREACHABLE_CODE = YES;
				CLANG_WARN__DUPLICATE_METHOD_MATCH = YES;
				COPY_PHASE_STRIP = NO;
				DEBUG_INFORMATION_FORMAT = dwarf;
				ENABLE_STRICT_OBJC_MSGSEND = YES;
				ENABLE_TESTABILITY = YES;
				GCC_C_LANGUAGE_STANDARD = gnu11;
				GCC_DYNAMIC_NO_PIC = NO;
				GCC_NO_COMMON_BLOCKS = YES;
				GCC_OPTIMIZATION_LEVEL = 0;
				GCC_PREPROCESSOR_DEFINITIONS = (
					"DEBUG=1",
					"$(inherited)",
				);
				GCC_WARN_64_TO_32_BIT_CONVERSION = YES;
				GCC_WARN_ABOUT_RETURN_TYPE = YES_ERROR;
				GCC_WARN_UNDECLARED_SELECTOR = YES;
				GCC_WARN_UNINITIALIZED_AUTOS = YES_AGGRESSIVE;
				GCC_WARN_UNUSED_FUNCTION = YES;
				GCC_WARN_UNUSED_VARIABLE = YES;
				IPHONEOS_DEPLOYMENT_TARGET = 16.2;
				MTL_ENABLE_DEBUG_INFO = INCLUDE_SOURCE;
				MTL_FAST_MATH = YES;
				ONLY_ACTIVE_ARCH = YES;
				SDKROOT = iphoneos;
				SWIFT_ACTIVE_COMPILATION_CONDITIONS = DEBUG;
				SWIFT_OPTIMIZATION_LEVEL = "-Onone";
			};
			name = Debug;
		};
		04478C4E295560DA00F76701 /* Release */ = {
			isa = XCBuildConfiguration;
			buildSettings = {
				ALWAYS_SEARCH_USER_PATHS = NO;
				CLANG_ANALYZER_NONNULL = YES;
				CLANG_ANALYZER_NUMBER_OBJECT_CONVERSION = YES_AGGRESSIVE;
				CLANG_CXX_LANGUAGE_STANDARD = "gnu++20";
				CLANG_ENABLE_MODULES = YES;
				CLANG_ENABLE_OBJC_ARC = YES;
				CLANG_ENABLE_OBJC_WEAK = YES;
				CLANG_WARN_BLOCK_CAPTURE_AUTORELEASING = YES;
				CLANG_WARN_BOOL_CONVERSION = YES;
				CLANG_WARN_COMMA = YES;
				CLANG_WARN_CONSTANT_CONVERSION = YES;
				CLANG_WARN_DEPRECATED_OBJC_IMPLEMENTATIONS = YES;
				CLANG_WARN_DIRECT_OBJC_ISA_USAGE = YES_ERROR;
				CLANG_WARN_DOCUMENTATION_COMMENTS = YES;
				CLANG_WARN_EMPTY_BODY = YES;
				CLANG_WARN_ENUM_CONVERSION = YES;
				CLANG_WARN_INFINITE_RECURSION = YES;
				CLANG_WARN_INT_CONVERSION = YES;
				CLANG_WARN_NON_LITERAL_NULL_CONVERSION = YES;
				CLANG_WARN_OBJC_IMPLICIT_RETAIN_SELF = YES;
				CLANG_WARN_OBJC_LITERAL_CONVERSION = YES;
				CLANG_WARN_OBJC_ROOT_CLASS = YES_ERROR;
				CLANG_WARN_QUOTED_INCLUDE_IN_FRAMEWORK_HEADER = YES;
				CLANG_WARN_RANGE_LOOP_ANALYSIS = YES;
				CLANG_WARN_STRICT_PROTOTYPES = YES;
				CLANG_WARN_SUSPICIOUS_MOVE = YES;
				CLANG_WARN_UNGUARDED_AVAILABILITY = YES_AGGRESSIVE;
				CLANG_WARN_UNREACHABLE_CODE = YES;
				CLANG_WARN__DUPLICATE_METHOD_MATCH = YES;
				COPY_PHASE_STRIP = NO;
				DEBUG_INFORMATION_FORMAT = "dwarf-with-dsym";
				ENABLE_NS_ASSERTIONS = NO;
				ENABLE_STRICT_OBJC_MSGSEND = YES;
				GCC_C_LANGUAGE_STANDARD = gnu11;
				GCC_NO_COMMON_BLOCKS = YES;
				GCC_WARN_64_TO_32_BIT_CONVERSION = YES;
				GCC_WARN_ABOUT_RETURN_TYPE = YES_ERROR;
				GCC_WARN_UNDECLARED_SELECTOR = YES;
				GCC_WARN_UNINITIALIZED_AUTOS = YES_AGGRESSIVE;
				GCC_WARN_UNUSED_FUNCTION = YES;
				GCC_WARN_UNUSED_VARIABLE = YES;
				IPHONEOS_DEPLOYMENT_TARGET = 16.2;
				MTL_ENABLE_DEBUG_INFO = NO;
				MTL_FAST_MATH = YES;
				SDKROOT = iphoneos;
				SWIFT_COMPILATION_MODE = wholemodule;
				SWIFT_OPTIMIZATION_LEVEL = "-O";
				VALIDATE_PRODUCT = YES;
			};
			name = Release;
		};
		04478C50295560DA00F76701 /* Debug */ = {
			isa = XCBuildConfiguration;
			buildSettings = {
				ASSETCATALOG_COMPILER_APPICON_NAME = AppIcon;
				ASSETCATALOG_COMPILER_GLOBAL_ACCENT_COLOR_NAME = AccentColor;
				CODE_SIGN_ENTITLEMENTS = Deadlines/Deadlines.entitlements;
				CODE_SIGN_STYLE = Automatic;
				CURRENT_PROJECT_VERSION = 2;
				DEVELOPMENT_ASSET_PATHS = "\"Deadlines/Preview Content\"";
				DEVELOPMENT_TEAM = G2D5W96ZY7;
				ENABLE_PREVIEWS = YES;
				GENERATE_INFOPLIST_FILE = YES;
				INFOPLIST_FILE = Deadlines/Info.plist;
				INFOPLIST_KEY_CFBundleDisplayName = Deadlines;
				INFOPLIST_KEY_LSApplicationCategoryType = "public.app-category.productivity";
				INFOPLIST_KEY_NSFaceIDUsageDescription = "Secure stuff";
				INFOPLIST_KEY_UIApplicationSceneManifest_Generation = YES;
				INFOPLIST_KEY_UIApplicationSupportsIndirectInputEvents = YES;
				INFOPLIST_KEY_UILaunchScreen_Generation = YES;
				INFOPLIST_KEY_UISupportedInterfaceOrientations_iPad = "UIInterfaceOrientationPortrait UIInterfaceOrientationPortraitUpsideDown UIInterfaceOrientationLandscapeLeft UIInterfaceOrientationLandscapeRight";
				INFOPLIST_KEY_UISupportedInterfaceOrientations_iPhone = "UIInterfaceOrientationPortrait UIInterfaceOrientationLandscapeLeft UIInterfaceOrientationLandscapeRight";
				IPHONEOS_DEPLOYMENT_TARGET = 16.0;
				LD_RUNPATH_SEARCH_PATHS = (
					"$(inherited)",
					"@executable_path/Frameworks",
				);
				MARKETING_VERSION = 1.1.0;
				PRODUCT_BUNDLE_IDENTIFIER = uk.jw3.Deadlines;
				PRODUCT_NAME = "$(TARGET_NAME)";
				SUPPORTED_PLATFORMS = "iphoneos iphonesimulator";
				SUPPORTS_MACCATALYST = YES;
				SUPPORTS_MAC_DESIGNED_FOR_IPHONE_IPAD = NO;
				SWIFT_EMIT_LOC_STRINGS = YES;
				SWIFT_VERSION = 5.0;
				TARGETED_DEVICE_FAMILY = "1,2";
			};
			name = Debug;
		};
		04478C51295560DA00F76701 /* Release */ = {
			isa = XCBuildConfiguration;
			buildSettings = {
				ASSETCATALOG_COMPILER_APPICON_NAME = AppIcon;
				ASSETCATALOG_COMPILER_GLOBAL_ACCENT_COLOR_NAME = AccentColor;
				CODE_SIGN_ENTITLEMENTS = Deadlines/Deadlines.entitlements;
				CODE_SIGN_STYLE = Automatic;
				CURRENT_PROJECT_VERSION = 2;
				DEVELOPMENT_ASSET_PATHS = "\"Deadlines/Preview Content\"";
				DEVELOPMENT_TEAM = G2D5W96ZY7;
				ENABLE_PREVIEWS = YES;
				GENERATE_INFOPLIST_FILE = YES;
				INFOPLIST_FILE = Deadlines/Info.plist;
				INFOPLIST_KEY_CFBundleDisplayName = Deadlines;
				INFOPLIST_KEY_LSApplicationCategoryType = "public.app-category.productivity";
				INFOPLIST_KEY_NSFaceIDUsageDescription = "Secure stuff";
				INFOPLIST_KEY_UIApplicationSceneManifest_Generation = YES;
				INFOPLIST_KEY_UIApplicationSupportsIndirectInputEvents = YES;
				INFOPLIST_KEY_UILaunchScreen_Generation = YES;
				INFOPLIST_KEY_UISupportedInterfaceOrientations_iPad = "UIInterfaceOrientationPortrait UIInterfaceOrientationPortraitUpsideDown UIInterfaceOrientationLandscapeLeft UIInterfaceOrientationLandscapeRight";
				INFOPLIST_KEY_UISupportedInterfaceOrientations_iPhone = "UIInterfaceOrientationPortrait UIInterfaceOrientationLandscapeLeft UIInterfaceOrientationLandscapeRight";
				IPHONEOS_DEPLOYMENT_TARGET = 16.0;
				LD_RUNPATH_SEARCH_PATHS = (
					"$(inherited)",
					"@executable_path/Frameworks",
				);
				MARKETING_VERSION = 1.1.0;
				PRODUCT_BUNDLE_IDENTIFIER = uk.jw3.Deadlines;
				PRODUCT_NAME = "$(TARGET_NAME)";
				SUPPORTED_PLATFORMS = "iphoneos iphonesimulator";
				SUPPORTS_MACCATALYST = YES;
				SUPPORTS_MAC_DESIGNED_FOR_IPHONE_IPAD = NO;
				SWIFT_EMIT_LOC_STRINGS = YES;
				SWIFT_VERSION = 5.0;
				TARGETED_DEVICE_FAMILY = "1,2";
			};
			name = Release;
		};
/* End XCBuildConfiguration section */

/* Begin XCConfigurationList section */
		04478C37295560D900F76701 /* Build configuration list for PBXProject "Deadlines" */ = {
			isa = XCConfigurationList;
			buildConfigurations = (
				04478C4D295560DA00F76701 /* Debug */,
				04478C4E295560DA00F76701 /* Release */,
			);
			defaultConfigurationIsVisible = 0;
			defaultConfigurationName = Release;
		};
		04478C4F295560DA00F76701 /* Build configuration list for PBXNativeTarget "Deadlines" */ = {
			isa = XCConfigurationList;
			buildConfigurations = (
				04478C50295560DA00F76701 /* Debug */,
				04478C51295560DA00F76701 /* Release */,
			);
			defaultConfigurationIsVisible = 0;
			defaultConfigurationName = Release;
		};
/* End XCConfigurationList section */

/* Begin XCVersionGroup section */
		04478C4A295560DA00F76701 /* Deadlines.xcdatamodeld */ = {
			isa = XCVersionGroup;
			children = (
				04478C4B295560DA00F76701 /* Deadlines.xcdatamodel */,
			);
			currentVersion = 04478C4B295560DA00F76701 /* Deadlines.xcdatamodel */;
			path = Deadlines.xcdatamodeld;
			sourceTree = "<group>";
			versionGroupType = wrapper.xcdatamodel;
		};
/* End XCVersionGroup section */
	};
	rootObject = 04478C34295560D900F76701 /* Project object */;
}
