{
  "pins" : [
    {
      "identity" : "cloudkitgdpr",
      "kind" : "remoteSourceControl",
      "location" : "https://github.com/arturgrigor/CloudKitGDPR",
      "state" : {
        "revision" : "003b8903cca063e41a49067ce92751bb9fb78edd",
        "version" : "2.1.0"
      }
    },
    {
      "identity" : "swifttipjar",
      "kind" : "remoteSourceControl",
      "location" : "https://github.com/dkasaj/SwiftTipJar",
      "state" : {
        "revision" : "03a98386da39ebd38a190b3ea5e5909e4bb3a0b7",
        "version" : "1.1.0"
      }
    },
    {
      "identity" : "swiftuix",
      "kind" : "remoteSourceControl",
      "location" : "https://github.com/SwiftUIX/SwiftUIX",
      "state" : {
        "revision" : "1c2ba19b91a1541b803f9d1b01b360cae5a752fa",
        "version" : "0.1.3"
      }
    },
    {
      "identity" : "zipfoundation",
      "kind" : "remoteSourceControl",
      "location" : "https://github.com/weichsel/ZIPFoundation",
      "state" : {
        "revision" : "43ec568034b3731101dbf7670765d671c30f54f3",
        "version" : "0.9.16"
      }
    }
  ],
  "version" : 2
}
