{
  "pins" : [
    {
      "identity" : "swifttipjar",
      "kind" : "remoteSourceControl",
      "location" : "https://github.com/dkasaj/SwiftTipJar",
      "state" : {
        "revision" : "03a98386da39ebd38a190b3ea5e5909e4bb3a0b7",
        "version" : "1.1.0"
      }
    },
    {
      "identity" : "swiftuix",
      "kind" : "remoteSourceControl",
      "location" : "https://github.com/SwiftUIX/SwiftUIX",
      "state" : {
        "branch" : "master",
        "revision" : "d9438d399b5b46e817ba040a03b0affe6a148c8f"
      }
    }
  ],
  "version" : 2
}
